// !$*UTF8*$!
{
	archiveVersion = 1;
	classes = {
	};
	objectVersion = 56;
	objects = {

/* Begin PBXBuildFile section */
		13419D342CAD08AF00B6F514 /* AppDelegate.swift in Sources */ = {isa = PBXBuildFile; fileRef = 13419D332CAD08AF00B6F514 /* AppDelegate.swift */; };
		13419D362CAD08AF00B6F514 /* SceneDelegate.swift in Sources */ = {isa = PBXBuildFile; fileRef = 13419D352CAD08AF00B6F514 /* SceneDelegate.swift */; };
		13419D382CAD08AF00B6F514 /* ViewController.swift in Sources */ = {isa = PBXBuildFile; fileRef = 13419D372CAD08AF00B6F514 /* ViewController.swift */; };
		13419D3B2CAD08AF00B6F514 /* Main.storyboard in Resources */ = {isa = PBXBuildFile; fileRef = 13419D392CAD08AF00B6F514 /* Main.storyboard */; };
		13419D3D2CAD08B000B6F514 /* Assets.xcassets in Resources */ = {isa = PBXBuildFile; fileRef = 13419D3C2CAD08B000B6F514 /* Assets.xcassets */; };
		13419D402CAD08B000B6F514 /* LaunchScreen.storyboard in Resources */ = {isa = PBXBuildFile; fileRef = 13419D3E2CAD08B000B6F514 /* LaunchScreen.storyboard */; };
		13419D492CAD09B900B6F514 /* BaseMVVMReactorVM.swift in Sources */ = {isa = PBXBuildFile; fileRef = 13419D482CAD09B900B6F514 /* BaseMVVMReactorVM.swift */; };
		13419D4B2CAD41D300B6F514 /* DemoViewModel.swift in Sources */ = {isa = PBXBuildFile; fileRef = 13419D4A2CAD41D300B6F514 /* DemoViewModel.swift */; };
		F5053AE90F2743B0C2AE4EC2 /* Pods_MVVMReactor.framework in Frameworks */ = {isa = PBXBuildFile; fileRef = 35CF0A938407F67D08D9D5B1 /* Pods_MVVMReactor.framework */; };
/* End PBXBuildFile section */

/* Begin PBXFileReference section */
		13419D302CAD08AF00B6F514 /* MVVMReactor.app */ = {isa = PBXFileReference; explicitFileType = wrapper.application; includeInIndex = 0; path = MVVMReactor.app; sourceTree = BUILT_PRODUCTS_DIR; };
		13419D332CAD08AF00B6F514 /* AppDelegate.swift */ = {isa = PBXFileReference; lastKnownFileType = sourcecode.swift; path = AppDelegate.swift; sourceTree = "<group>"; };
		13419D352CAD08AF00B6F514 /* SceneDelegate.swift */ = {isa = PBXFileReference; lastKnownFileType = sourcecode.swift; path = SceneDelegate.swift; sourceTree = "<group>"; };
		13419D372CAD08AF00B6F514 /* ViewController.swift */ = {isa = PBXFileReference; lastKnownFileType = sourcecode.swift; path = ViewController.swift; sourceTree = "<group>"; };
		13419D3A2CAD08AF00B6F514 /* Base */ = {isa = PBXFileReference; lastKnownFileType = file.storyboard; name = Base; path = Base.lproj/Main.storyboard; sourceTree = "<group>"; };
		13419D3C2CAD08B000B6F514 /* Assets.xcassets */ = {isa = PBXFileReference; lastKnownFileType = folder.assetcatalog; path = Assets.xcassets; sourceTree = "<group>"; };
		13419D3F2CAD08B000B6F514 /* Base */ = {isa = PBXFileReference; lastKnownFileType = file.storyboard; name = Base; path = Base.lproj/LaunchScreen.storyboard; sourceTree = "<group>"; };
		13419D412CAD08B000B6F514 /* Info.plist */ = {isa = PBXFileReference; lastKnownFileType = text.plist.xml; path = Info.plist; sourceTree = "<group>"; };
		13419D482CAD09B900B6F514 /* BaseMVVMReactorVM.swift */ = {isa = PBXFileReference; lastKnownFileType = sourcecode.swift; path = BaseMVVMReactorVM.swift; sourceTree = "<group>"; };
		13419D4A2CAD41D300B6F514 /* DemoViewModel.swift */ = {isa = PBXFileReference; lastKnownFileType = sourcecode.swift; path = DemoViewModel.swift; sourceTree = "<group>"; };
		35CF0A938407F67D08D9D5B1 /* Pods_MVVMReactor.framework */ = {isa = PBXFileReference; explicitFileType = wrapper.framework; includeInIndex = 0; path = Pods_MVVMReactor.framework; sourceTree = BUILT_PRODUCTS_DIR; };
		52D619031CB1C191C86718A4 /* Pods-MVVMReactor.release.xcconfig */ = {isa = PBXFileReference; includeInIndex = 1; lastKnownFileType = text.xcconfig; name = "Pods-MVVMReactor.release.xcconfig"; path = "Target Support Files/Pods-MVVMReactor/Pods-MVVMReactor.release.xcconfig"; sourceTree = "<group>"; };
		6CFCE77CED72052940696ED3 /* Pods-MVVMReactor.debug.xcconfig */ = {isa = PBXFileReference; includeInIndex = 1; lastKnownFileType = text.xcconfig; name = "Pods-MVVMReactor.debug.xcconfig"; path = "Target Support Files/Pods-MVVMReactor/Pods-MVVMReactor.debug.xcconfig"; sourceTree = "<group>"; };
/* End PBXFileReference section */

/* Begin PBXFrameworksBuildPhase section */
		13419D2D2CAD08AF00B6F514 /* Frameworks */ = {
			isa = PBXFrameworksBuildPhase;
			buildActionMask = 2147483647;
			files = (
				F5053AE90F2743B0C2AE4EC2 /* Pods_MVVMReactor.framework in Frameworks */,
			);
			runOnlyForDeploymentPostprocessing = 0;
		};
/* End PBXFrameworksBuildPhase section */

/* Begin PBXGroup section */
		0DD94AA08638A6159012B65D /* Frameworks */ = {
			isa = PBXGroup;
			children = (
				35CF0A938407F67D08D9D5B1 /* Pods_MVVMReactor.framework */,
			);
			name = Frameworks;
			sourceTree = "<group>";
		};
		13419D272CAD08AF00B6F514 = {
			isa = PBXGroup;
			children = (
				13419D322CAD08AF00B6F514 /* MVVMReactor */,
				13419D312CAD08AF00B6F514 /* Products */,
				FE33F87EE519D5C948C4BD23 /* Pods */,
				0DD94AA08638A6159012B65D /* Frameworks */,
			);
			sourceTree = "<group>";
		};
		13419D312CAD08AF00B6F514 /* Products */ = {
			isa = PBXGroup;
			children = (
				13419D302CAD08AF00B6F514 /* MVVMReactor.app */,
			);
			name = Products;
			sourceTree = "<group>";
		};
		13419D322CAD08AF00B6F514 /* MVVMReactor */ = {
			isa = PBXGroup;
			children = (
				13419D472CAD099D00B6F514 /* Base */,
				13419D332CAD08AF00B6F514 /* AppDelegate.swift */,
				13419D352CAD08AF00B6F514 /* SceneDelegate.swift */,
				13419D372CAD08AF00B6F514 /* ViewController.swift */,
				13419D4A2CAD41D300B6F514 /* DemoViewModel.swift */,
				13419D392CAD08AF00B6F514 /* Main.storyboard */,
				13419D3C2CAD08B000B6F514 /* Assets.xcassets */,
				13419D3E2CAD08B000B6F514 /* LaunchScreen.storyboard */,
				13419D412CAD08B000B6F514 /* Info.plist */,
			);
			path = MVVMReactor;
			sourceTree = "<group>";
		};
		13419D472CAD099D00B6F514 /* Base */ = {
			isa = PBXGroup;
			children = (
				13419D482CAD09B900B6F514 /* BaseMVVMReactorVM.swift */,
			);
			path = Base;
			sourceTree = "<group>";
		};
		FE33F87EE519D5C948C4BD23 /* Pods */ = {
			isa = PBXGroup;
			children = (
				6CFCE77CED72052940696ED3 /* Pods-MVVMReactor.debug.xcconfig */,
				52D619031CB1C191C86718A4 /* Pods-MVVMReactor.release.xcconfig */,
			);
			path = Pods;
			sourceTree = "<group>";
		};
/* End PBXGroup section */

/* Begin PBXNativeTarget section */
		13419D2F2CAD08AF00B6F514 /* MVVMReactor */ = {
			isa = PBXNativeTarget;
			buildConfigurationList = 13419D442CAD08B000B6F514 /* Build configuration list for PBXNativeTarget "MVVMReactor" */;
			buildPhases = (
				4D2AA8FE368C82EBADFC7ADC /* [CP] Check Pods Manifest.lock */,
				13419D2C2CAD08AF00B6F514 /* Sources */,
				13419D2D2CAD08AF00B6F514 /* Frameworks */,
				13419D2E2CAD08AF00B6F514 /* Resources */,
				07E544F302FF6F3386E02FE1 /* [CP] Embed Pods Frameworks */,
			);
			buildRules = (
			);
			dependencies = (
			);
			name = MVVMReactor;
			productName = MVVMReactor;
			productReference = 13419D302CAD08AF00B6F514 /* MVVMReactor.app */;
			productType = "com.apple.product-type.application";
		};
/* End PBXNativeTarget section */

/* Begin PBXProject section */
		13419D282CAD08AF00B6F514 /* Project object */ = {
			isa = PBXProject;
			attributes = {
				BuildIndependentTargetsInParallel = 1;
				LastSwiftUpdateCheck = 1520;
				LastUpgradeCheck = 1520;
				TargetAttributes = {
					13419D2F2CAD08AF00B6F514 = {
						CreatedOnToolsVersion = 15.2;
					};
				};
			};
			buildConfigurationList = 13419D2B2CAD08AF00B6F514 /* Build configuration list for PBXProject "MVVMReactor" */;
			compatibilityVersion = "Xcode 14.0";
			developmentRegion = en;
			hasScannedForEncodings = 0;
			knownRegions = (
				en,
				Base,
			);
			mainGroup = 13419D272CAD08AF00B6F514;
			productRefGroup = 13419D312CAD08AF00B6F514 /* Products */;
			projectDirPath = "";
			projectRoot = "";
			targets = (
				13419D2F2CAD08AF00B6F514 /* MVVMReactor */,
			);
		};
/* End PBXProject section */

/* Begin PBXResourcesBuildPhase section */
		13419D2E2CAD08AF00B6F514 /* Resources */ = {
			isa = PBXResourcesBuildPhase;
			buildActionMask = 2147483647;
			files = (
				13419D402CAD08B000B6F514 /* LaunchScreen.storyboard in Resources */,
				13419D3D2CAD08B000B6F514 /* Assets.xcassets in Resources */,
				13419D3B2CAD08AF00B6F514 /* Main.storyboard in Resources */,
			);
			runOnlyForDeploymentPostprocessing = 0;
		};
/* End PBXResourcesBuildPhase section */

/* Begin PBXShellScriptBuildPhase section */
		07E544F302FF6F3386E02FE1 /* [CP] Embed Pods Frameworks */ = {
			isa = PBXShellScriptBuildPhase;
			buildActionMask = 2147483647;
			files = (
			);
			inputFileListPaths = (
				"${PODS_ROOT}/Target Support Files/Pods-MVVMReactor/Pods-MVVMReactor-frameworks-${CONFIGURATION}-input-files.xcfilelist",
			);
			name = "[CP] Embed Pods Frameworks";
			outputFileListPaths = (
				"${PODS_ROOT}/Target Support Files/Pods-MVVMReactor/Pods-MVVMReactor-frameworks-${CONFIGURATION}-output-files.xcfilelist",
			);
			runOnlyForDeploymentPostprocessing = 0;
			shellPath = /bin/sh;
			shellScript = "\"${PODS_ROOT}/Target Support Files/Pods-MVVMReactor/Pods-MVVMReactor-frameworks.sh\"\n";
			showEnvVarsInLog = 0;
		};
		4D2AA8FE368C82EBADFC7ADC /* [CP] Check Pods Manifest.lock */ = {
			isa = PBXShellScriptBuildPhase;
			buildActionMask = 2147483647;
			files = (
			);
			inputFileListPaths = (
			);
			inputPaths = (
				"${PODS_PODFILE_DIR_PATH}/Podfile.lock",
				"${PODS_ROOT}/Manifest.lock",
			);
			name = "[CP] Check Pods Manifest.lock";
			outputFileListPaths = (
			);
			outputPaths = (
				"$(DERIVED_FILE_DIR)/Pods-MVVMReactor-checkManifestLockResult.txt",
			);
			runOnlyForDeploymentPostprocessing = 0;
			shellPath = /bin/sh;
			shellScript = "diff \"${PODS_PODFILE_DIR_PATH}/Podfile.lock\" \"${PODS_ROOT}/Manifest.lock\" > /dev/null\nif [ $? != 0 ] ; then\n    # print error to STDERR\n    echo \"error: The sandbox is not in sync with the Podfile.lock. Run 'pod install' or update your CocoaPods installation.\" >&2\n    exit 1\nfi\n# This output is used by Xcode 'outputs' to avoid re-running this script phase.\necho \"SUCCESS\" > \"${SCRIPT_OUTPUT_FILE_0}\"\n";
			showEnvVarsInLog = 0;
		};
/* End PBXShellScriptBuildPhase section */

/* Begin PBXSourcesBuildPhase section */
		13419D2C2CAD08AF00B6F514 /* Sources */ = {
			isa = PBXSourcesBuildPhase;
			buildActionMask = 2147483647;
			files = (
				13419D382CAD08AF00B6F514 /* ViewController.swift in Sources */,
				13419D342CAD08AF00B6F514 /* AppDelegate.swift in Sources */,
				13419D492CAD09B900B6F514 /* BaseMVVMReactorVM.swift in Sources */,
				13419D4B2CAD41D300B6F514 /* DemoViewModel.swift in Sources */,
				13419D362CAD08AF00B6F514 /* SceneDelegate.swift in Sources */,
			);
			runOnlyForDeploymentPostprocessing = 0;
		};
/* End PBXSourcesBuildPhase section */

/* Begin PBXVariantGroup section */
		13419D392CAD08AF00B6F514 /* Main.storyboard */ = {
			isa = PBXVariantGroup;
			children = (
				13419D3A2CAD08AF00B6F514 /* Base */,
			);
			name = Main.storyboard;
			sourceTree = "<group>";
		};
		13419D3E2CAD08B000B6F514 /* LaunchScreen.storyboard */ = {
			isa = PBXVariantGroup;
			children = (
				13419D3F2CAD08B000B6F514 /* Base */,
			);
			name = LaunchScreen.storyboard;
			sourceTree = "<group>";
		};
/* End PBXVariantGroup section */

/* Begin XCBuildConfiguration section */
		13419D422CAD08B000B6F514 /* Debug */ = {
			isa = XCBuildConfiguration;
			buildSettings = {
				ALWAYS_SEARCH_USER_PATHS = NO;
				ASSETCATALOG_COMPILER_GENERATE_SWIFT_ASSET_SYMBOL_EXTENSIONS = YES;
				CLANG_ANALYZER_NONNULL = YES;
				CLANG_ANALYZER_NUMBER_OBJECT_CONVERSION = YES_AGGRESSIVE;
				CLANG_CXX_LANGUAGE_STANDARD = "gnu++20";
				CLANG_ENABLE_MODULES = YES;
				CLANG_ENABLE_OBJC_ARC = YES;
				CLANG_ENABLE_OBJC_WEAK = YES;
				CLANG_WARN_BLOCK_CAPTURE_AUTORELEASING = YES;
				CLANG_WARN_BOOL_CONVERSION = YES;
				CLANG_WARN_COMMA = YES;
				CLANG_WARN_CONSTANT_CONVERSION = YES;
				CLANG_WARN_DEPRECATED_OBJC_IMPLEMENTATIONS = YES;
				CLANG_WARN_DIRECT_OBJC_ISA_USAGE = YES_ERROR;
				CLANG_WARN_DOCUMENTATION_COMMENTS = YES;
				CLANG_WARN_EMPTY_BODY = YES;
				CLANG_WARN_ENUM_CONVERSION = YES;
				CLANG_WARN_INFINITE_RECURSION = YES;
				CLANG_WARN_INT_CONVERSION = YES;
				CLANG_WARN_NON_LITERAL_NULL_CONVERSION = YES;
				CLANG_WARN_OBJC_IMPLICIT_RETAIN_SELF = YES;
				CLANG_WARN_OBJC_LITERAL_CONVERSION = YES;
				CLANG_WARN_OBJC_ROOT_CLASS = YES_ERROR;
				CLANG_WARN_QUOTED_INCLUDE_IN_FRAMEWORK_HEADER = YES;
				CLANG_WARN_RANGE_LOOP_ANALYSIS = YES;
				CLANG_WARN_STRICT_PROTOTYPES = YES;
				CLANG_WARN_SUSPICIOUS_MOVE = YES;
				CLANG_WARN_UNGUARDED_AVAILABILITY = YES_AGGRESSIVE;
				CLANG_WARN_UNREACHABLE_CODE = YES;
				CLANG_WARN__DUPLICATE_METHOD_MATCH = YES;
				COPY_PHASE_STRIP = NO;
				DEBUG_INFORMATION_FORMAT = dwarf;
				ENABLE_STRICT_OBJC_MSGSEND = YES;
				ENABLE_TESTABILITY = YES;
				ENABLE_USER_SCRIPT_SANDBOXING = YES;
				GCC_C_LANGUAGE_STANDARD = gnu17;
				GCC_DYNAMIC_NO_PIC = NO;
				GCC_NO_COMMON_BLOCKS = YES;
				GCC_OPTIMIZATION_LEVEL = 0;
				GCC_PREPROCESSOR_DEFINITIONS = (
					"DEBUG=1",
					"$(inherited)",
				);
				GCC_WARN_64_TO_32_BIT_CONVERSION = YES;
				GCC_WARN_ABOUT_RETURN_TYPE = YES_ERROR;
				GCC_WARN_UNDECLARED_SELECTOR = YES;
				GCC_WARN_UNINITIALIZED_AUTOS = YES_AGGRESSIVE;
				GCC_WARN_UNUSED_FUNCTION = YES;
				GCC_WARN_UNUSED_VARIABLE = YES;
				IPHONEOS_DEPLOYMENT_TARGET = 17.2;
				LOCALIZATION_PREFERS_STRING_CATALOGS = YES;
				MTL_ENABLE_DEBUG_INFO = INCLUDE_SOURCE;
				MTL_FAST_MATH = YES;
				ONLY_ACTIVE_ARCH = YES;
				SDKROOT = iphoneos;
				SWIFT_ACTIVE_COMPILATION_CONDITIONS = "DEBUG $(inherited)";
				SWIFT_OPTIMIZATION_LEVEL = "-Onone";
			};
			name = Debug;
		};
		13419D432CAD08B000B6F514 /* Release */ = {
			isa = XCBuildConfiguration;
			buildSettings = {
				ALWAYS_SEARCH_USER_PATHS = NO;
				ASSETCATALOG_COMPILER_GENERATE_SWIFT_ASSET_SYMBOL_EXTENSIONS = YES;
				CLANG_ANALYZER_NONNULL = YES;
				CLANG_ANALYZER_NUMBER_OBJECT_CONVERSION = YES_AGGRESSIVE;
				CLANG_CXX_LANGUAGE_STANDARD = "gnu++20";
				CLANG_ENABLE_MODULES = YES;
				CLANG_ENABLE_OBJC_ARC = YES;
				CLANG_ENABLE_OBJC_WEAK = YES;
				CLANG_WARN_BLOCK_CAPTURE_AUTORELEASING = YES;
				CLANG_WARN_BOOL_CONVERSION = YES;
				CLANG_WARN_COMMA = YES;
				CLANG_WARN_CONSTANT_CONVERSION = YES;
				CLANG_WARN_DEPRECATED_OBJC_IMPLEMENTATIONS = YES;
				CLANG_WARN_DIRECT_OBJC_ISA_USAGE = YES_ERROR;
				CLANG_WARN_DOCUMENTATION_COMMENTS = YES;
				CLANG_WARN_EMPTY_BODY = YES;
				CLANG_WARN_ENUM_CONVERSION = YES;
				CLANG_WARN_INFINITE_RECURSION = YES;
				CLANG_WARN_INT_CONVERSION = YES;
				CLANG_WARN_NON_LITERAL_NULL_CONVERSION = YES;
				CLANG_WARN_OBJC_IMPLICIT_RETAIN_SELF = YES;
				CLANG_WARN_OBJC_LITERAL_CONVERSION = YES;
				CLANG_WARN_OBJC_ROOT_CLASS = YES_ERROR;
				CLANG_WARN_QUOTED_INCLUDE_IN_FRAMEWORK_HEADER = YES;
				CLANG_WARN_RANGE_LOOP_ANALYSIS = YES;
				CLANG_WARN_STRICT_PROTOTYPES = YES;
				CLANG_WARN_SUSPICIOUS_MOVE = YES;
				CLANG_WARN_UNGUARDED_AVAILABILITY = YES_AGGRESSIVE;
				CLANG_WARN_UNREACHABLE_CODE = YES;
				CLANG_WARN__DUPLICATE_METHOD_MATCH = YES;
				COPY_PHASE_STRIP = NO;
				DEBUG_INFORMATION_FORMAT = "dwarf-with-dsym";
				ENABLE_NS_ASSERTIONS = NO;
				ENABLE_STRICT_OBJC_MSGSEND = YES;
				ENABLE_USER_SCRIPT_SANDBOXING = YES;
				GCC_C_LANGUAGE_STANDARD = gnu17;
				GCC_NO_COMMON_BLOCKS = YES;
				GCC_WARN_64_TO_32_BIT_CONVERSION = YES;
				GCC_WARN_ABOUT_RETURN_TYPE = YES_ERROR;
				GCC_WARN_UNDECLARED_SELECTOR = YES;
				GCC_WARN_UNINITIALIZED_AUTOS = YES_AGGRESSIVE;
				GCC_WARN_UNUSED_FUNCTION = YES;
				GCC_WARN_UNUSED_VARIABLE = YES;
				IPHONEOS_DEPLOYMENT_TARGET = 17.2;
				LOCALIZATION_PREFERS_STRING_CATALOGS = YES;
				MTL_ENABLE_DEBUG_INFO = NO;
				MTL_FAST_MATH = YES;
				SDKROOT = iphoneos;
				SWIFT_COMPILATION_MODE = wholemodule;
				VALIDATE_PRODUCT = YES;
			};
			name = Release;
		};
		13419D452CAD08B000B6F514 /* Debug */ = {
			isa = XCBuildConfiguration;
			baseConfigurationReference = 6CFCE77CED72052940696ED3 /* Pods-MVVMReactor.debug.xcconfig */;
			buildSettings = {
				ASSETCATALOG_COMPILER_APPICON_NAME = AppIcon;
				ASSETCATALOG_COMPILER_GLOBAL_ACCENT_COLOR_NAME = AccentColor;
				CODE_SIGN_STYLE = Automatic;
				CURRENT_PROJECT_VERSION = 1;
				GENERATE_INFOPLIST_FILE = YES;
				INFOPLIST_FILE = MVVMReactor/Info.plist;
				INFOPLIST_KEY_UIApplicationSupportsIndirectInputEvents = YES;
				INFOPLIST_KEY_UILaunchStoryboardName = LaunchScreen;
				INFOPLIST_KEY_UIMainStoryboardFile = Main;
				INFOPLIST_KEY_UISupportedInterfaceOrientations_iPad = "UIInterfaceOrientationPortrait UIInterfaceOrientationPortraitUpsideDown UIInterfaceOrientationLandscapeLeft UIInterfaceOrientationLandscapeRight";
				INFOPLIST_KEY_UISupportedInterfaceOrientations_iPhone = "UIInterfaceOrientationPortrait UIInterfaceOrientationLandscapeLeft UIInterfaceOrientationLandscapeRight";
				LD_RUNPATH_SEARCH_PATHS = (
					"$(inherited)",
					"@executable_path/Frameworks",
				);
				MARKETING_VERSION = 1.0;
				PRODUCT_BUNDLE_IDENTIFIER = com.ghtk.xcode.extension.MVVMReactor;
				PRODUCT_NAME = "$(TARGET_NAME)";
				SWIFT_EMIT_LOC_STRINGS = YES;
				SWIFT_VERSION = 5.0;
				TARGETED_DEVICE_FAMILY = "1,2";
			};
			name = Debug;
		};
		13419D462CAD08B000B6F514 /* Release */ = {
			isa = XCBuildConfiguration;
			baseConfigurationReference = 52D619031CB1C191C86718A4 /* Pods-MVVMReactor.release.xcconfig */;
			buildSettings = {
				ASSETCATALOG_COMPILER_APPICON_NAME = AppIcon;
				ASSETCATALOG_COMPILER_GLOBAL_ACCENT_COLOR_NAME = AccentColor;
				CODE_SIGN_STYLE = Automatic;
				CURRENT_PROJECT_VERSION = 1;
				GENERATE_INFOPLIST_FILE = YES;
				INFOPLIST_FILE = MVVMReactor/Info.plist;
				INFOPLIST_KEY_UIApplicationSupportsIndirectInputEvents = YES;
				INFOPLIST_KEY_UILaunchStoryboardName = LaunchScreen;
				INFOPLIST_KEY_UIMainStoryboardFile = Main;
				INFOPLIST_KEY_UISupportedInterfaceOrientations_iPad = "UIInterfaceOrientationPortrait UIInterfaceOrientationPortraitUpsideDown UIInterfaceOrientationLandscapeLeft UIInterfaceOrientationLandscapeRight";
				INFOPLIST_KEY_UISupportedInterfaceOrientations_iPhone = "UIInterfaceOrientationPortrait UIInterfaceOrientationLandscapeLeft UIInterfaceOrientationLandscapeRight";
				LD_RUNPATH_SEARCH_PATHS = (
					"$(inherited)",
					"@executable_path/Frameworks",
				);
				MARKETING_VERSION = 1.0;
				PRODUCT_BUNDLE_IDENTIFIER = com.ghtk.xcode.extension.MVVMReactor;
				PRODUCT_NAME = "$(TARGET_NAME)";
				SWIFT_EMIT_LOC_STRINGS = YES;
				SWIFT_VERSION = 5.0;
				TARGETED_DEVICE_FAMILY = "1,2";
			};
			name = Release;
		};
/* End XCBuildConfiguration section */

/* Begin XCConfigurationList section */
		13419D2B2CAD08AF00B6F514 /* Build configuration list for PBXProject "MVVMReactor" */ = {
			isa = XCConfigurationList;
			buildConfigurations = (
				13419D422CAD08B000B6F514 /* Debug */,
				13419D432CAD08B000B6F514 /* Release */,
			);
			defaultConfigurationIsVisible = 0;
			defaultConfigurationName = Release;
		};
		13419D442CAD08B000B6F514 /* Build configuration list for PBXNativeTarget "MVVMReactor" */ = {
			isa = XCConfigurationList;
			buildConfigurations = (
				13419D452CAD08B000B6F514 /* Debug */,
				13419D462CAD08B000B6F514 /* Release */,
			);
			defaultConfigurationIsVisible = 0;
			defaultConfigurationName = Release;
		};
/* End XCConfigurationList section */
	};
	rootObject = 13419D282CAD08AF00B6F514 /* Project object */;
}
